
Microsoft Visual Studio Solution File, Format Version 12.00
# Visual Studio Version 17
VisualStudioVersion = 17.1.32328.378
MinimumVisualStudioVersion = 10.0.40219.1
Project("{FAE04EC0-301F-11D3-BF4B-00C04F79EFBC}") = "insta", "insta\insta.csproj", "{74C85026-8C30-4009-B2BB-093AEE8957C1}"
EndProject
Global
	GlobalSection(SolutionConfigurationPlatforms) = preSolution
		Debug|Any CPU = Debug|Any CPU
		Release|Any CPU = Release|Any CPU
	EndGlobalSection
	GlobalSection(ProjectConfigurationPlatforms) = postSolution
		{74C85026-8C30-4009-B2BB-093AEE8957C1}.Debug|Any CPU.ActiveCfg = Debug|Any CPU
		{74C85026-8C30-4009-B2BB-093AEE8957C1}.Debug|Any CPU.Build.0 = Debug|Any CPU
		{74C85026-8C30-4009-B2BB-093AEE8957C1}.Release|Any CPU.ActiveCfg = Release|Any CPU
		{74C85026-8C30-4009-B2BB-093AEE8957C1}.Release|Any CPU.Build.0 = Release|Any CPU
	EndGlobalSection
	GlobalSection(SolutionProperties) = preSolution
		HideSolutionNode = FALSE
	EndGlobalSection
	GlobalSection(ExtensibilityGlobals) = postSolution
		SolutionGuid = {FA0AE679-DECA-4E3D-8A53-40554765FD93}
	EndGlobalSection
EndGlobal
