
Microsoft Visual Studio Solution File, Format Version 12.00
# Visual Studio Version 17
VisualStudioVersion = 17.1.32328.378
MinimumVisualStudioVersion = 10.0.40219.1
Project("{FAE04EC0-301F-11D3-BF4B-00C04F79EFBC}") = "AnimalShop", "AnimalShop\AnimalShop.csproj", "{5C100C5D-5357-4EFA-B926-B8E3CD135F09}"
EndProject
Global
	GlobalSection(SolutionConfigurationPlatforms) = preSolution
		Debug|Any CPU = Debug|Any CPU
		Release|Any CPU = Release|Any CPU
	EndGlobalSection
	GlobalSection(ProjectConfigurationPlatforms) = postSolution
		{5C100C5D-5357-4EFA-B926-B8E3CD135F09}.Debug|Any CPU.ActiveCfg = Debug|Any CPU
		{5C100C5D-5357-4EFA-B926-B8E3CD135F09}.Debug|Any CPU.Build.0 = Debug|Any CPU
		{5C100C5D-5357-4EFA-B926-B8E3CD135F09}.Release|Any CPU.ActiveCfg = Release|Any CPU
		{5C100C5D-5357-4EFA-B926-B8E3CD135F09}.Release|Any CPU.Build.0 = Release|Any CPU
	EndGlobalSection
	GlobalSection(SolutionProperties) = preSolution
		HideSolutionNode = FALSE
	EndGlobalSection
	GlobalSection(ExtensibilityGlobals) = postSolution
		SolutionGuid = {0DC9F5DD-E31E-4C91-9B8D-E5F8535C6898}
	EndGlobalSection
EndGlobal
